// !$*UTF8*$!
{
	archiveVersion = 1;
	classes = {
	};
	objectVersion = 50;
	objects = {

/* Begin PBXBuildFile section */
		05102CFD2326545F0063D77D /* AppDelegate.swift in Sources */ = {isa = PBXBuildFile; fileRef = 05102CFC2326545F0063D77D /* AppDelegate.swift */; };
		05102CFF2326545F0063D77D /* ViewController.swift in Sources */ = {isa = PBXBuildFile; fileRef = 05102CFE2326545F0063D77D /* ViewController.swift */; };
		05102D022326545F0063D77D /* Main.storyboard in Resources */ = {isa = PBXBuildFile; fileRef = 05102D002326545F0063D77D /* Main.storyboard */; };
		05102D052326545F0063D77D /* My_Pocket_Money_Tracker.xcdatamodeld in Sources */ = {isa = PBXBuildFile; fileRef = 05102D032326545F0063D77D /* My_Pocket_Money_Tracker.xcdatamodeld */; };
		05102D07232654610063D77D /* Assets.xcassets in Resources */ = {isa = PBXBuildFile; fileRef = 05102D06232654610063D77D /* Assets.xcassets */; };
		05102D0A232654610063D77D /* LaunchScreen.storyboard in Resources */ = {isa = PBXBuildFile; fileRef = 05102D08232654610063D77D /* LaunchScreen.storyboard */; };
/* End PBXBuildFile section */

/* Begin PBXFileReference section */
		05102CF92326545F0063D77D /* My Pocket Money Tracker.app */ = {isa = PBXFileReference; explicitFileType = wrapper.application; includeInIndex = 0; path = "My Pocket Money Tracker.app"; sourceTree = BUILT_PRODUCTS_DIR; };
		05102CFC2326545F0063D77D /* AppDelegate.swift */ = {isa = PBXFileReference; lastKnownFileType = sourcecode.swift; path = AppDelegate.swift; sourceTree = "<group>"; };
		05102CFE2326545F0063D77D /* ViewController.swift */ = {isa = PBXFileReference; lastKnownFileType = sourcecode.swift; path = ViewController.swift; sourceTree = "<group>"; };
		05102D012326545F0063D77D /* Base */ = {isa = PBXFileReference; lastKnownFileType = file.storyboard; name = Base; path = Base.lproj/Main.storyboard; sourceTree = "<group>"; };
		05102D042326545F0063D77D /* My_Pocket_Money_Tracker.xcdatamodel */ = {isa = PBXFileReference; lastKnownFileType = wrapper.xcdatamodel; path = My_Pocket_Money_Tracker.xcdatamodel; sourceTree = "<group>"; };
		05102D06232654610063D77D /* Assets.xcassets */ = {isa = PBXFileReference; lastKnownFileType = folder.assetcatalog; path = Assets.xcassets; sourceTree = "<group>"; };
		05102D09232654610063D77D /* Base */ = {isa = PBXFileReference; lastKnownFileType = file.storyboard; name = Base; path = Base.lproj/LaunchScreen.storyboard; sourceTree = "<group>"; };
		05102D0B232654610063D77D /* Info.plist */ = {isa = PBXFileReference; lastKnownFileType = text.plist.xml; path = Info.plist; sourceTree = "<group>"; };
/* End PBXFileReference section */

/* Begin PBXFrameworksBuildPhase section */
		05102CF62326545F0063D77D /* Frameworks */ = {
			isa = PBXFrameworksBuildPhase;
			buildActionMask = 2147483647;
			files = (
			);
			runOnlyForDeploymentPostprocessing = 0;
		};
/* End PBXFrameworksBuildPhase section */

/* Begin PBXGroup section */
		05102CF02326545F0063D77D = {
			isa = PBXGroup;
			children = (
				05102CFB2326545F0063D77D /* My Pocket Money Tracker */,
				05102CFA2326545F0063D77D /* Products */,
			);
			sourceTree = "<group>";
		};
		05102CFA2326545F0063D77D /* Products */ = {
			isa = PBXGroup;
			children = (
				05102CF92326545F0063D77D /* My Pocket Money Tracker.app */,
			);
			name = Products;
			sourceTree = "<group>";
		};
		05102CFB2326545F0063D77D /* My Pocket Money Tracker */ = {
			isa = PBXGroup;
			children = (
				05102CFC2326545F0063D77D /* AppDelegate.swift */,
				05102CFE2326545F0063D77D /* ViewController.swift */,
				05102D002326545F0063D77D /* Main.storyboard */,
				05102D06232654610063D77D /* Assets.xcassets */,
				05102D08232654610063D77D /* LaunchScreen.storyboard */,
				05102D0B232654610063D77D /* Info.plist */,
				05102D032326545F0063D77D /* My_Pocket_Money_Tracker.xcdatamodeld */,
			);
			path = "My Pocket Money Tracker";
			sourceTree = "<group>";
		};
/* End PBXGroup section */

/* Begin PBXNativeTarget section */
		05102CF82326545F0063D77D /* My Pocket Money Tracker */ = {
			isa = PBXNativeTarget;
			buildConfigurationList = 05102D0E232654610063D77D /* Build configuration list for PBXNativeTarget "My Pocket Money Tracker" */;
			buildPhases = (
				05102CF52326545F0063D77D /* Sources */,
				05102CF62326545F0063D77D /* Frameworks */,
				05102CF72326545F0063D77D /* Resources */,
			);
			buildRules = (
			);
			dependencies = (
			);
			name = "My Pocket Money Tracker";
			productName = "My Pocket Money Tracker";
			productReference = 05102CF92326545F0063D77D /* My Pocket Money Tracker.app */;
			productType = "com.apple.product-type.application";
		};
/* End PBXNativeTarget section */

/* Begin PBXProject section */
		05102CF12326545F0063D77D /* Project object */ = {
			isa = PBXProject;
			attributes = {
				LastSwiftUpdateCheck = 1030;
				LastUpgradeCheck = 1030;
				ORGANIZATIONNAME = "Aleksandr Ozhogin";
				TargetAttributes = {
					05102CF82326545F0063D77D = {
						CreatedOnToolsVersion = 10.3;
					};
				};
			};
			buildConfigurationList = 05102CF42326545F0063D77D /* Build configuration list for PBXProject "My Pocket Money Tracker" */;
			compatibilityVersion = "Xcode 9.3";
			developmentRegion = en;
			hasScannedForEncodings = 0;
			knownRegions = (
				en,
				Base,
			);
			mainGroup = 05102CF02326545F0063D77D;
			productRefGroup = 05102CFA2326545F0063D77D /* Products */;
			projectDirPath = "";
			projectRoot = "";
			targets = (
				05102CF82326545F0063D77D /* My Pocket Money Tracker */,
			);
		};
/* End PBXProject section */

/* Begin PBXResourcesBuildPhase section */
		05102CF72326545F0063D77D /* Resources */ = {
			isa = PBXResourcesBuildPhase;
			buildActionMask = 2147483647;
			files = (
				05102D0A232654610063D77D /* LaunchScreen.storyboard in Resources */,
				05102D07232654610063D77D /* Assets.xcassets in Resources */,
				05102D022326545F0063D77D /* Main.storyboard in Resources */,
			);
			runOnlyForDeploymentPostprocessing = 0;
		};
/* End PBXResourcesBuildPhase section */

/* Begin PBXSourcesBuildPhase section */
		05102CF52326545F0063D77D /* Sources */ = {
			isa = PBXSourcesBuildPhase;
			buildActionMask = 2147483647;
			files = (
				05102D052326545F0063D77D /* My_Pocket_Money_Tracker.xcdatamodeld in Sources */,
				05102CFF2326545F0063D77D /* ViewController.swift in Sources */,
				05102CFD2326545F0063D77D /* AppDelegate.swift in Sources */,
			);
			runOnlyForDeploymentPostprocessing = 0;
		};
/* End PBXSourcesBuildPhase section */

/* Begin PBXVariantGroup section */
		05102D002326545F0063D77D /* Main.storyboard */ = {
			isa = PBXVariantGroup;
			children = (
				05102D012326545F0063D77D /* Base */,
			);
			name = Main.storyboard;
			sourceTree = "<group>";
		};
		05102D08232654610063D77D /* LaunchScreen.storyboard */ = {
			isa = PBXVariantGroup;
			children = (
				05102D09232654610063D77D /* Base */,
			);
			name = LaunchScreen.storyboard;
			sourceTree = "<group>";
		};
/* End PBXVariantGroup section */

/* Begin XCBuildConfiguration section */
		05102D0C232654610063D77D /* Debug */ = {
			isa = XCBuildConfiguration;
			buildSettings = {
				ALWAYS_SEARCH_USER_PATHS = NO;
				CLANG_ANALYZER_NONNULL = YES;
				CLANG_ANALYZER_NUMBER_OBJECT_CONVERSION = YES_AGGRESSIVE;
				CLANG_CXX_LANGUAGE_STANDARD = "gnu++14";
				CLANG_CXX_LIBRARY = "libc++";
				CLANG_ENABLE_MODULES = YES;
				CLANG_ENABLE_OBJC_ARC = YES;
				CLANG_ENABLE_OBJC_WEAK = YES;
				CLANG_WARN_BLOCK_CAPTURE_AUTORELEASING = YES;
				CLANG_WARN_BOOL_CONVERSION = YES;
				CLANG_WARN_COMMA = YES;
				CLANG_WARN_CONSTANT_CONVERSION = YES;
				CLANG_WARN_DEPRECATED_OBJC_IMPLEMENTATIONS = YES;
				CLANG_WARN_DIRECT_OBJC_ISA_USAGE = YES_ERROR;
				CLANG_WARN_DOCUMENTATION_COMMENTS = YES;
				CLANG_WARN_EMPTY_BODY = YES;
				CLANG_WARN_ENUM_CONVERSION = YES;
				CLANG_WARN_INFINITE_RECURSION = YES;
				CLANG_WARN_INT_CONVERSION = YES;
				CLANG_WARN_NON_LITERAL_NULL_CONVERSION = YES;
				CLANG_WARN_OBJC_IMPLICIT_RETAIN_SELF = YES;
				CLANG_WARN_OBJC_LITERAL_CONVERSION = YES;
				CLANG_WARN_OBJC_ROOT_CLASS = YES_ERROR;
				CLANG_WARN_RANGE_LOOP_ANALYSIS = YES;
				CLANG_WARN_STRICT_PROTOTYPES = YES;
				CLANG_WARN_SUSPICIOUS_MOVE = YES;
				CLANG_WARN_UNGUARDED_AVAILABILITY = YES_AGGRESSIVE;
				CLANG_WARN_UNREACHABLE_CODE = YES;
				CLANG_WARN__DUPLICATE_METHOD_MATCH = YES;
				CODE_SIGN_IDENTITY = "iPhone Developer";
				COPY_PHASE_STRIP = NO;
				DEBUG_INFORMATION_FORMAT = dwarf;
				ENABLE_STRICT_OBJC_MSGSEND = YES;
				ENABLE_TESTABILITY = YES;
				GCC_C_LANGUAGE_STANDARD = gnu11;
				GCC_DYNAMIC_NO_PIC = NO;
				GCC_NO_COMMON_BLOCKS = YES;
				GCC_OPTIMIZATION_LEVEL = 0;
				GCC_PREPROCESSOR_DEFINITIONS = (
					"DEBUG=1",
					"$(inherited)",
				);
				GCC_WARN_64_TO_32_BIT_CONVERSION = YES;
				GCC_WARN_ABOUT_RETURN_TYPE = YES_ERROR;
				GCC_WARN_UNDECLARED_SELECTOR = YES;
				GCC_WARN_UNINITIALIZED_AUTOS = YES_AGGRESSIVE;
				GCC_WARN_UNUSED_FUNCTION = YES;
				GCC_WARN_UNUSED_VARIABLE = YES;
				IPHONEOS_DEPLOYMENT_TARGET = 12.4;
				MTL_ENABLE_DEBUG_INFO = INCLUDE_SOURCE;
				MTL_FAST_MATH = YES;
				ONLY_ACTIVE_ARCH = YES;
				SDKROOT = iphoneos;
				SWIFT_ACTIVE_COMPILATION_CONDITIONS = DEBUG;
				SWIFT_OPTIMIZATION_LEVEL = "-Onone";
			};
			name = Debug;
		};
		05102D0D232654610063D77D /* Release */ = {
			isa = XCBuildConfiguration;
			buildSettings = {
				ALWAYS_SEARCH_USER_PATHS = NO;
				CLANG_ANALYZER_NONNULL = YES;
				CLANG_ANALYZER_NUMBER_OBJECT_CONVERSION = YES_AGGRESSIVE;
				CLANG_CXX_LANGUAGE_STANDARD = "gnu++14";
				CLANG_CXX_LIBRARY = "libc++";
				CLANG_ENABLE_MODULES = YES;
				CLANG_ENABLE_OBJC_ARC = YES;
				CLANG_ENABLE_OBJC_WEAK = YES;
				CLANG_WARN_BLOCK_CAPTURE_AUTORELEASING = YES;
				CLANG_WARN_BOOL_CONVERSION = YES;
				CLANG_WARN_COMMA = YES;
				CLANG_WARN_CONSTANT_CONVERSION = YES;
				CLANG_WARN_DEPRECATED_OBJC_IMPLEMENTATIONS = YES;
				CLANG_WARN_DIRECT_OBJC_ISA_USAGE = YES_ERROR;
				CLANG_WARN_DOCUMENTATION_COMMENTS = YES;
				CLANG_WARN_EMPTY_BODY = YES;
				CLANG_WARN_ENUM_CONVERSION = YES;
				CLANG_WARN_INFINITE_RECURSION = YES;
				CLANG_WARN_INT_CONVERSION = YES;
				CLANG_WARN_NON_LITERAL_NULL_CONVERSION = YES;
				CLANG_WARN_OBJC_IMPLICIT_RETAIN_SELF = YES;
				CLANG_WARN_OBJC_LITERAL_CONVERSION = YES;
				CLANG_WARN_OBJC_ROOT_CLASS = YES_ERROR;
				CLANG_WARN_RANGE_LOOP_ANALYSIS = YES;
				CLANG_WARN_STRICT_PROTOTYPES = YES;
				CLANG_WARN_SUSPICIOUS_MOVE = YES;
				CLANG_WARN_UNGUARDED_AVAILABILITY = YES_AGGRESSIVE;
				CLANG_WARN_UNREACHABLE_CODE = YES;
				CLANG_WARN__DUPLICATE_METHOD_MATCH = YES;
				CODE_SIGN_IDENTITY = "iPhone Developer";
				COPY_PHASE_STRIP = NO;
				DEBUG_INFORMATION_FORMAT = "dwarf-with-dsym";
				ENABLE_NS_ASSERTIONS = NO;
				ENABLE_STRICT_OBJC_MSGSEND = YES;
				GCC_C_LANGUAGE_STANDARD = gnu11;
				GCC_NO_COMMON_BLOCKS = YES;
				GCC_WARN_64_TO_32_BIT_CONVERSION = YES;
				GCC_WARN_ABOUT_RETURN_TYPE = YES_ERROR;
				GCC_WARN_UNDECLARED_SELECTOR = YES;
				GCC_WARN_UNINITIALIZED_AUTOS = YES_AGGRESSIVE;
				GCC_WARN_UNUSED_FUNCTION = YES;
				GCC_WARN_UNUSED_VARIABLE = YES;
				IPHONEOS_DEPLOYMENT_TARGET = 12.4;
				MTL_ENABLE_DEBUG_INFO = NO;
				MTL_FAST_MATH = YES;
				SDKROOT = iphoneos;
				SWIFT_COMPILATION_MODE = wholemodule;
				SWIFT_OPTIMIZATION_LEVEL = "-O";
				VALIDATE_PRODUCT = YES;
			};
			name = Release;
		};
		05102D0F232654610063D77D /* Debug */ = {
			isa = XCBuildConfiguration;
			buildSettings = {
				ASSETCATALOG_COMPILER_APPICON_NAME = AppIcon;
				CODE_SIGN_STYLE = Automatic;
				DEVELOPMENT_TEAM = 2Z36CKB5LH;
				INFOPLIST_FILE = "My Pocket Money Tracker/Info.plist";
				LD_RUNPATH_SEARCH_PATHS = (
					"$(inherited)",
					"@executable_path/Frameworks",
				);
				PRODUCT_BUNDLE_IDENTIFIER = "com.ozhogin.My-Pocket-Money-Tracker";
				PRODUCT_NAME = "$(TARGET_NAME)";
				SWIFT_VERSION = 5.0;
				TARGETED_DEVICE_FAMILY = "1,2";
			};
			name = Debug;
		};
		05102D10232654610063D77D /* Release */ = {
			isa = XCBuildConfiguration;
			buildSettings = {
				ASSETCATALOG_COMPILER_APPICON_NAME = AppIcon;
				CODE_SIGN_STYLE = Automatic;
				DEVELOPMENT_TEAM = 2Z36CKB5LH;
				INFOPLIST_FILE = "My Pocket Money Tracker/Info.plist";
				LD_RUNPATH_SEARCH_PATHS = (
					"$(inherited)",
					"@executable_path/Frameworks",
				);
				PRODUCT_BUNDLE_IDENTIFIER = "com.ozhogin.My-Pocket-Money-Tracker";
				PRODUCT_NAME = "$(TARGET_NAME)";
				SWIFT_VERSION = 5.0;
				TARGETED_DEVICE_FAMILY = "1,2";
			};
			name = Release;
		};
/* End XCBuildConfiguration section */

/* Begin XCConfigurationList section */
		05102CF42326545F0063D77D /* Build configuration list for PBXProject "My Pocket Money Tracker" */ = {
			isa = XCConfigurationList;
			buildConfigurations = (
				05102D0C232654610063D77D /* Debug */,
				05102D0D232654610063D77D /* Release */,
			);
			defaultConfigurationIsVisible = 0;
			defaultConfigurationName = Release;
		};
		05102D0E232654610063D77D /* Build configuration list for PBXNativeTarget "My Pocket Money Tracker" */ = {
			isa = XCConfigurationList;
			buildConfigurations = (
				05102D0F232654610063D77D /* Debug */,
				05102D10232654610063D77D /* Release */,
			);
			defaultConfigurationIsVisible = 0;
			defaultConfigurationName = Release;
		};
/* End XCConfigurationList section */

/* Begin XCVersionGroup section */
		05102D032326545F0063D77D /* My_Pocket_Money_Tracker.xcdatamodeld */ = {
			isa = XCVersionGroup;
			children = (
				05102D042326545F0063D77D /* My_Pocket_Money_Tracker.xcdatamodel */,
			);
			currentVersion = 05102D042326545F0063D77D /* My_Pocket_Money_Tracker.xcdatamodel */;
			path = My_Pocket_Money_Tracker.xcdatamodeld;
			sourceTree = "<group>";
			versionGroupType = wrapper.xcdatamodel;
		};
/* End XCVersionGroup section */
	};
	rootObject = 05102CF12326545F0063D77D /* Project object */;
}
